
Microsoft Visual Studio Solution File, Format Version 12.00
# Visual Studio Version 17
VisualStudioVersion = 17.8.34511.84
MinimumVisualStudioVersion = 10.0.40219.1
Project("{2150E333-8FDC-42A3-9474-1A3956D46DE8}") = "3.EndPoint", "3.EndPoint", "{8437853E-2FA7-4834-A797-BD10DA5B49BF}"
EndProject
Project("{FAE04EC0-301F-11D3-BF4B-00C04F79EFBC}") = "OnlineStore.EndPoint.Web", "03.EndPoint\OnlineStore.EndPoint.Web\OnlineStore.EndPoint.Web.csproj", "{EF45E931-7ED7-4AFE-A25E-A5B47EFBC986}"
EndProject
Project("{2150E333-8FDC-42A3-9474-1A3956D46DE8}") = "01.Core", "01.Core", "{C03BE7FC-F1CF-425E-AEF6-E98C6564ECF1}"
EndProject
Project("{FAE04EC0-301F-11D3-BF4B-00C04F79EFBC}") = "OnlineStore.Application", "OnlineStore.Application\OnlineStore.Application.csproj", "{26DEDAC7-F8E5-43A8-82C1-A64C20857B56}"
EndProject
Project("{2150E333-8FDC-42A3-9474-1A3956D46DE8}") = "02.Infrastructure", "02.Infrastructure", "{307C623E-E79E-4FC5-8B12-686386E0D8E9}"
EndProject
Project("{FAE04EC0-301F-11D3-BF4B-00C04F79EFBC}") = "OnlineStore.Infrastructure", "02.Infrastructure\OnlineStore.Infrastructure\OnlineStore.Infrastructure.csproj", "{8A0F595A-7319-47C6-B47E-B249F957D4CA}"
EndProject
Global
	GlobalSection(SolutionConfigurationPlatforms) = preSolution
		Debug|Any CPU = Debug|Any CPU
		Release|Any CPU = Release|Any CPU
	EndGlobalSection
	GlobalSection(ProjectConfigurationPlatforms) = postSolution
		{EF45E931-7ED7-4AFE-A25E-A5B47EFBC986}.Debug|Any CPU.ActiveCfg = Debug|Any CPU
		{EF45E931-7ED7-4AFE-A25E-A5B47EFBC986}.Debug|Any CPU.Build.0 = Debug|Any CPU
		{EF45E931-7ED7-4AFE-A25E-A5B47EFBC986}.Release|Any CPU.ActiveCfg = Release|Any CPU
		{EF45E931-7ED7-4AFE-A25E-A5B47EFBC986}.Release|Any CPU.Build.0 = Release|Any CPU
		{26DEDAC7-F8E5-43A8-82C1-A64C20857B56}.Debug|Any CPU.ActiveCfg = Debug|Any CPU
		{26DEDAC7-F8E5-43A8-82C1-A64C20857B56}.Debug|Any CPU.Build.0 = Debug|Any CPU
		{26DEDAC7-F8E5-43A8-82C1-A64C20857B56}.Release|Any CPU.ActiveCfg = Release|Any CPU
		{26DEDAC7-F8E5-43A8-82C1-A64C20857B56}.Release|Any CPU.Build.0 = Release|Any CPU
		{8A0F595A-7319-47C6-B47E-B249F957D4CA}.Debug|Any CPU.ActiveCfg = Debug|Any CPU
		{8A0F595A-7319-47C6-B47E-B249F957D4CA}.Debug|Any CPU.Build.0 = Debug|Any CPU
		{8A0F595A-7319-47C6-B47E-B249F957D4CA}.Release|Any CPU.ActiveCfg = Release|Any CPU
		{8A0F595A-7319-47C6-B47E-B249F957D4CA}.Release|Any CPU.Build.0 = Release|Any CPU
	EndGlobalSection
	GlobalSection(SolutionProperties) = preSolution
		HideSolutionNode = FALSE
	EndGlobalSection
	GlobalSection(NestedProjects) = preSolution
		{EF45E931-7ED7-4AFE-A25E-A5B47EFBC986} = {8437853E-2FA7-4834-A797-BD10DA5B49BF}
		{26DEDAC7-F8E5-43A8-82C1-A64C20857B56} = {C03BE7FC-F1CF-425E-AEF6-E98C6564ECF1}
		{8A0F595A-7319-47C6-B47E-B249F957D4CA} = {307C623E-E79E-4FC5-8B12-686386E0D8E9}
	EndGlobalSection
	GlobalSection(ExtensibilityGlobals) = postSolution
		SolutionGuid = {FF3D8146-ADDC-44A9-A340-99C3893210F8}
	EndGlobalSection
EndGlobal
